
Microsoft Visual Studio Solution File, Format Version 12.00
# Visual Studio Version 17
VisualStudioVersion = 17.12.35527.113 d17.12
MinimumVisualStudioVersion = 10.0.40219.1
Project("{FAE04EC0-301F-11D3-BF4B-00C04F79EFBC}") = "KairaCQRSMediator", "KairaCQRSMediator\KairaCQRSMediator.csproj", "{DA9EE972-6A7C-4267-861E-22322C542CDF}"
EndProject
Global
	GlobalSection(SolutionConfigurationPlatforms) = preSolution
		Debug|Any CPU = Debug|Any CPU
		Release|Any CPU = Release|Any CPU
	EndGlobalSection
	GlobalSection(ProjectConfigurationPlatforms) = postSolution
		{DA9EE972-6A7C-4267-861E-22322C542CDF}.Debug|Any CPU.ActiveCfg = Debug|Any CPU
		{DA9EE972-6A7C-4267-861E-22322C542CDF}.Debug|Any CPU.Build.0 = Debug|Any CPU
		{DA9EE972-6A7C-4267-861E-22322C542CDF}.Release|Any CPU.ActiveCfg = Release|Any CPU
		{DA9EE972-6A7C-4267-861E-22322C542CDF}.Release|Any CPU.Build.0 = Release|Any CPU
	EndGlobalSection
	GlobalSection(SolutionProperties) = preSolution
		HideSolutionNode = FALSE
	EndGlobalSection
EndGlobal
